// !$*UTF8*$!
{
	archiveVersion = 1;
	classes = {
	};
	objectVersion = 50;
	objects = {

/* Begin PBXBuildFile section */
		D0B50541220F327E00112478 /* AppDelegate.swift in Sources */ = {isa = PBXBuildFile; fileRef = D0B50540220F327E00112478 /* AppDelegate.swift */; };
		D0B50543220F327E00112478 /* CategoriesVC.swift in Sources */ = {isa = PBXBuildFile; fileRef = D0B50542220F327E00112478 /* CategoriesVC.swift */; };
		D0B50546220F327E00112478 /* Main.storyboard in Resources */ = {isa = PBXBuildFile; fileRef = D0B50544220F327E00112478 /* Main.storyboard */; };
		D0B50548220F328000112478 /* Assets.xcassets in Resources */ = {isa = PBXBuildFile; fileRef = D0B50547220F328000112478 /* Assets.xcassets */; };
		D0B5054B220F328000112478 /* LaunchScreen.storyboard in Resources */ = {isa = PBXBuildFile; fileRef = D0B50549220F328000112478 /* LaunchScreen.storyboard */; };
		D0B50556220F328000112478 /* coder_swagTests.swift in Sources */ = {isa = PBXBuildFile; fileRef = D0B50555220F328000112478 /* coder_swagTests.swift */; };
		D0B50561220F328000112478 /* coder_swagUITests.swift in Sources */ = {isa = PBXBuildFile; fileRef = D0B50560220F328000112478 /* coder_swagUITests.swift */; };
		D0B50572220F3BBF00112478 /* CategoryCell.swift in Sources */ = {isa = PBXBuildFile; fileRef = D0B50571220F3BBF00112478 /* CategoryCell.swift */; };
/* End PBXBuildFile section */

/* Begin PBXContainerItemProxy section */
		D0B50552220F328000112478 /* PBXContainerItemProxy */ = {
			isa = PBXContainerItemProxy;
			containerPortal = D0B50535220F327E00112478 /* Project object */;
			proxyType = 1;
			remoteGlobalIDString = D0B5053C220F327E00112478;
			remoteInfo = "coder-swag";
		};
		D0B5055D220F328000112478 /* PBXContainerItemProxy */ = {
			isa = PBXContainerItemProxy;
			containerPortal = D0B50535220F327E00112478 /* Project object */;
			proxyType = 1;
			remoteGlobalIDString = D0B5053C220F327E00112478;
			remoteInfo = "coder-swag";
		};
/* End PBXContainerItemProxy section */

/* Begin PBXFileReference section */
		D0B5053D220F327E00112478 /* coder-swag.app */ = {isa = PBXFileReference; explicitFileType = wrapper.application; includeInIndex = 0; path = "coder-swag.app"; sourceTree = BUILT_PRODUCTS_DIR; };
		D0B50540220F327E00112478 /* AppDelegate.swift */ = {isa = PBXFileReference; lastKnownFileType = sourcecode.swift; path = AppDelegate.swift; sourceTree = "<group>"; };
		D0B50542220F327E00112478 /* CategoriesVC.swift */ = {isa = PBXFileReference; lastKnownFileType = sourcecode.swift; path = CategoriesVC.swift; sourceTree = "<group>"; };
		D0B50545220F327E00112478 /* Base */ = {isa = PBXFileReference; lastKnownFileType = file.storyboard; name = Base; path = Base.lproj/Main.storyboard; sourceTree = "<group>"; };
		D0B50547220F328000112478 /* Assets.xcassets */ = {isa = PBXFileReference; lastKnownFileType = folder.assetcatalog; path = Assets.xcassets; sourceTree = "<group>"; };
		D0B5054A220F328000112478 /* Base */ = {isa = PBXFileReference; lastKnownFileType = file.storyboard; name = Base; path = Base.lproj/LaunchScreen.storyboard; sourceTree = "<group>"; };
		D0B5054C220F328000112478 /* Info.plist */ = {isa = PBXFileReference; lastKnownFileType = text.plist.xml; path = Info.plist; sourceTree = "<group>"; };
		D0B50551220F328000112478 /* coder-swagTests.xctest */ = {isa = PBXFileReference; explicitFileType = wrapper.cfbundle; includeInIndex = 0; path = "coder-swagTests.xctest"; sourceTree = BUILT_PRODUCTS_DIR; };
		D0B50555220F328000112478 /* coder_swagTests.swift */ = {isa = PBXFileReference; lastKnownFileType = sourcecode.swift; path = coder_swagTests.swift; sourceTree = "<group>"; };
		D0B50557220F328000112478 /* Info.plist */ = {isa = PBXFileReference; lastKnownFileType = text.plist.xml; path = Info.plist; sourceTree = "<group>"; };
		D0B5055C220F328000112478 /* coder-swagUITests.xctest */ = {isa = PBXFileReference; explicitFileType = wrapper.cfbundle; includeInIndex = 0; path = "coder-swagUITests.xctest"; sourceTree = BUILT_PRODUCTS_DIR; };
		D0B50560220F328000112478 /* coder_swagUITests.swift */ = {isa = PBXFileReference; lastKnownFileType = sourcecode.swift; path = coder_swagUITests.swift; sourceTree = "<group>"; };
		D0B50562220F328000112478 /* Info.plist */ = {isa = PBXFileReference; lastKnownFileType = text.plist.xml; path = Info.plist; sourceTree = "<group>"; };
		D0B50571220F3BBF00112478 /* CategoryCell.swift */ = {isa = PBXFileReference; lastKnownFileType = sourcecode.swift; path = CategoryCell.swift; sourceTree = "<group>"; };
/* End PBXFileReference section */

/* Begin PBXFrameworksBuildPhase section */
		D0B5053A220F327E00112478 /* Frameworks */ = {
			isa = PBXFrameworksBuildPhase;
			buildActionMask = 2147483647;
			files = (
			);
			runOnlyForDeploymentPostprocessing = 0;
		};
		D0B5054E220F328000112478 /* Frameworks */ = {
			isa = PBXFrameworksBuildPhase;
			buildActionMask = 2147483647;
			files = (
			);
			runOnlyForDeploymentPostprocessing = 0;
		};
		D0B50559220F328000112478 /* Frameworks */ = {
			isa = PBXFrameworksBuildPhase;
			buildActionMask = 2147483647;
			files = (
			);
			runOnlyForDeploymentPostprocessing = 0;
		};
/* End PBXFrameworksBuildPhase section */

/* Begin PBXGroup section */
		D0B50534220F327E00112478 = {
			isa = PBXGroup;
			children = (
				D0B5053F220F327E00112478 /* coder-swag */,
				D0B50554220F328000112478 /* coder-swagTests */,
				D0B5055F220F328000112478 /* coder-swagUITests */,
				D0B5053E220F327E00112478 /* Products */,
			);
			sourceTree = "<group>";
		};
		D0B5053E220F327E00112478 /* Products */ = {
			isa = PBXGroup;
			children = (
				D0B5053D220F327E00112478 /* coder-swag.app */,
				D0B50551220F328000112478 /* coder-swagTests.xctest */,
				D0B5055C220F328000112478 /* coder-swagUITests.xctest */,
			);
			name = Products;
			sourceTree = "<group>";
		};
		D0B5053F220F327E00112478 /* coder-swag */ = {
			isa = PBXGroup;
			children = (
				D0B50570220F3B7800112478 /* Controller */,
				D0B5056F220F3B6B00112478 /* View */,
				D0B5056E220F3B6500112478 /* Model */,
				D0B50540220F327E00112478 /* AppDelegate.swift */,
				D0B50542220F327E00112478 /* CategoriesVC.swift */,
				D0B50544220F327E00112478 /* Main.storyboard */,
				D0B50547220F328000112478 /* Assets.xcassets */,
				D0B50549220F328000112478 /* LaunchScreen.storyboard */,
				D0B5054C220F328000112478 /* Info.plist */,
			);
			path = "coder-swag";
			sourceTree = "<group>";
		};
		D0B50554220F328000112478 /* coder-swagTests */ = {
			isa = PBXGroup;
			children = (
				D0B50555220F328000112478 /* coder_swagTests.swift */,
				D0B50557220F328000112478 /* Info.plist */,
			);
			path = "coder-swagTests";
			sourceTree = "<group>";
		};
		D0B5055F220F328000112478 /* coder-swagUITests */ = {
			isa = PBXGroup;
			children = (
				D0B50560220F328000112478 /* coder_swagUITests.swift */,
				D0B50562220F328000112478 /* Info.plist */,
			);
			path = "coder-swagUITests";
			sourceTree = "<group>";
		};
		D0B5056E220F3B6500112478 /* Model */ = {
			isa = PBXGroup;
			children = (
			);
			path = Model;
			sourceTree = "<group>";
		};
		D0B5056F220F3B6B00112478 /* View */ = {
			isa = PBXGroup;
			children = (
				D0B50571220F3BBF00112478 /* CategoryCell.swift */,
			);
			path = View;
			sourceTree = "<group>";
		};
		D0B50570220F3B7800112478 /* Controller */ = {
			isa = PBXGroup;
			children = (
			);
			path = Controller;
			sourceTree = "<group>";
		};
/* End PBXGroup section */

/* Begin PBXNativeTarget section */
		D0B5053C220F327E00112478 /* coder-swag */ = {
			isa = PBXNativeTarget;
			buildConfigurationList = D0B50565220F328000112478 /* Build configuration list for PBXNativeTarget "coder-swag" */;
			buildPhases = (
				D0B50539220F327E00112478 /* Sources */,
				D0B5053A220F327E00112478 /* Frameworks */,
				D0B5053B220F327E00112478 /* Resources */,
			);
			buildRules = (
			);
			dependencies = (
			);
			name = "coder-swag";
			productName = "coder-swag";
			productReference = D0B5053D220F327E00112478 /* coder-swag.app */;
			productType = "com.apple.product-type.application";
		};
		D0B50550220F328000112478 /* coder-swagTests */ = {
			isa = PBXNativeTarget;
			buildConfigurationList = D0B50568220F328000112478 /* Build configuration list for PBXNativeTarget "coder-swagTests" */;
			buildPhases = (
				D0B5054D220F328000112478 /* Sources */,
				D0B5054E220F328000112478 /* Frameworks */,
				D0B5054F220F328000112478 /* Resources */,
			);
			buildRules = (
			);
			dependencies = (
				D0B50553220F328000112478 /* PBXTargetDependency */,
			);
			name = "coder-swagTests";
			productName = "coder-swagTests";
			productReference = D0B50551220F328000112478 /* coder-swagTests.xctest */;
			productType = "com.apple.product-type.bundle.unit-test";
		};
		D0B5055B220F328000112478 /* coder-swagUITests */ = {
			isa = PBXNativeTarget;
			buildConfigurationList = D0B5056B220F328000112478 /* Build configuration list for PBXNativeTarget "coder-swagUITests" */;
			buildPhases = (
				D0B50558220F328000112478 /* Sources */,
				D0B50559220F328000112478 /* Frameworks */,
				D0B5055A220F328000112478 /* Resources */,
			);
			buildRules = (
			);
			dependencies = (
				D0B5055E220F328000112478 /* PBXTargetDependency */,
			);
			name = "coder-swagUITests";
			productName = "coder-swagUITests";
			productReference = D0B5055C220F328000112478 /* coder-swagUITests.xctest */;
			productType = "com.apple.product-type.bundle.ui-testing";
		};
/* End PBXNativeTarget section */

/* Begin PBXProject section */
		D0B50535220F327E00112478 /* Project object */ = {
			isa = PBXProject;
			attributes = {
				LastSwiftUpdateCheck = 1010;
				LastUpgradeCheck = 1010;
				ORGANIZATIONNAME = "Finn Kiesinger";
				TargetAttributes = {
					D0B5053C220F327E00112478 = {
						CreatedOnToolsVersion = 10.1;
					};
					D0B50550220F328000112478 = {
						CreatedOnToolsVersion = 10.1;
						TestTargetID = D0B5053C220F327E00112478;
					};
					D0B5055B220F328000112478 = {
						CreatedOnToolsVersion = 10.1;
						TestTargetID = D0B5053C220F327E00112478;
					};
				};
			};
			buildConfigurationList = D0B50538220F327E00112478 /* Build configuration list for PBXProject "coder-swag" */;
			compatibilityVersion = "Xcode 9.3";
			developmentRegion = en;
			hasScannedForEncodings = 0;
			knownRegions = (
				en,
				Base,
			);
			mainGroup = D0B50534220F327E00112478;
			productRefGroup = D0B5053E220F327E00112478 /* Products */;
			projectDirPath = "";
			projectRoot = "";
			targets = (
				D0B5053C220F327E00112478 /* coder-swag */,
				D0B50550220F328000112478 /* coder-swagTests */,
				D0B5055B220F328000112478 /* coder-swagUITests */,
			);
		};
/* End PBXProject section */

/* Begin PBXResourcesBuildPhase section */
		D0B5053B220F327E00112478 /* Resources */ = {
			isa = PBXResourcesBuildPhase;
			buildActionMask = 2147483647;
			files = (
				D0B5054B220F328000112478 /* LaunchScreen.storyboard in Resources */,
				D0B50548220F328000112478 /* Assets.xcassets in Resources */,
				D0B50546220F327E00112478 /* Main.storyboard in Resources */,
			);
			runOnlyForDeploymentPostprocessing = 0;
		};
		D0B5054F220F328000112478 /* Resources */ = {
			isa = PBXResourcesBuildPhase;
			buildActionMask = 2147483647;
			files = (
			);
			runOnlyForDeploymentPostprocessing = 0;
		};
		D0B5055A220F328000112478 /* Resources */ = {
			isa = PBXResourcesBuildPhase;
			buildActionMask = 2147483647;
			files = (
			);
			runOnlyForDeploymentPostprocessing = 0;
		};
/* End PBXResourcesBuildPhase section */

/* Begin PBXSourcesBuildPhase section */
		D0B50539220F327E00112478 /* Sources */ = {
			isa = PBXSourcesBuildPhase;
			buildActionMask = 2147483647;
			files = (
				D0B50543220F327E00112478 /* CategoriesVC.swift in Sources */,
				D0B50541220F327E00112478 /* AppDelegate.swift in Sources */,
				D0B50572220F3BBF00112478 /* CategoryCell.swift in Sources */,
			);
			runOnlyForDeploymentPostprocessing = 0;
		};
		D0B5054D220F328000112478 /* Sources */ = {
			isa = PBXSourcesBuildPhase;
			buildActionMask = 2147483647;
			files = (
				D0B50556220F328000112478 /* coder_swagTests.swift in Sources */,
			);
			runOnlyForDeploymentPostprocessing = 0;
		};
		D0B50558220F328000112478 /* Sources */ = {
			isa = PBXSourcesBuildPhase;
			buildActionMask = 2147483647;
			files = (
				D0B50561220F328000112478 /* coder_swagUITests.swift in Sources */,
			);
			runOnlyForDeploymentPostprocessing = 0;
		};
/* End PBXSourcesBuildPhase section */

/* Begin PBXTargetDependency section */
		D0B50553220F328000112478 /* PBXTargetDependency */ = {
			isa = PBXTargetDependency;
			target = D0B5053C220F327E00112478 /* coder-swag */;
			targetProxy = D0B50552220F328000112478 /* PBXContainerItemProxy */;
		};
		D0B5055E220F328000112478 /* PBXTargetDependency */ = {
			isa = PBXTargetDependency;
			target = D0B5053C220F327E00112478 /* coder-swag */;
			targetProxy = D0B5055D220F328000112478 /* PBXContainerItemProxy */;
		};
/* End PBXTargetDependency section */

/* Begin PBXVariantGroup section */
		D0B50544220F327E00112478 /* Main.storyboard */ = {
			isa = PBXVariantGroup;
			children = (
				D0B50545220F327E00112478 /* Base */,
			);
			name = Main.storyboard;
			sourceTree = "<group>";
		};
		D0B50549220F328000112478 /* LaunchScreen.storyboard */ = {
			isa = PBXVariantGroup;
			children = (
				D0B5054A220F328000112478 /* Base */,
			);
			name = LaunchScreen.storyboard;
			sourceTree = "<group>";
		};
/* End PBXVariantGroup section */

/* Begin XCBuildConfiguration section */
		D0B50563220F328000112478 /* Debug */ = {
			isa = XCBuildConfiguration;
			buildSettings = {
				ALWAYS_SEARCH_USER_PATHS = NO;
				CLANG_ANALYZER_NONNULL = YES;
				CLANG_ANALYZER_NUMBER_OBJECT_CONVERSION = YES_AGGRESSIVE;
				CLANG_CXX_LANGUAGE_STANDARD = "gnu++14";
				CLANG_CXX_LIBRARY = "libc++";
				CLANG_ENABLE_MODULES = YES;
				CLANG_ENABLE_OBJC_ARC = YES;
				CLANG_ENABLE_OBJC_WEAK = YES;
				CLANG_WARN_BLOCK_CAPTURE_AUTORELEASING = YES;
				CLANG_WARN_BOOL_CONVERSION = YES;
				CLANG_WARN_COMMA = YES;
				CLANG_WARN_CONSTANT_CONVERSION = YES;
				CLANG_WARN_DEPRECATED_OBJC_IMPLEMENTATIONS = YES;
				CLANG_WARN_DIRECT_OBJC_ISA_USAGE = YES_ERROR;
				CLANG_WARN_DOCUMENTATION_COMMENTS = YES;
				CLANG_WARN_EMPTY_BODY = YES;
				CLANG_WARN_ENUM_CONVERSION = YES;
				CLANG_WARN_INFINITE_RECURSION = YES;
				CLANG_WARN_INT_CONVERSION = YES;
				CLANG_WARN_NON_LITERAL_NULL_CONVERSION = YES;
				CLANG_WARN_OBJC_IMPLICIT_RETAIN_SELF = YES;
				CLANG_WARN_OBJC_LITERAL_CONVERSION = YES;
				CLANG_WARN_OBJC_ROOT_CLASS = YES_ERROR;
				CLANG_WARN_RANGE_LOOP_ANALYSIS = YES;
				CLANG_WARN_STRICT_PROTOTYPES = YES;
				CLANG_WARN_SUSPICIOUS_MOVE = YES;
				CLANG_WARN_UNGUARDED_AVAILABILITY = YES_AGGRESSIVE;
				CLANG_WARN_UNREACHABLE_CODE = YES;
				CLANG_WARN__DUPLICATE_METHOD_MATCH = YES;
				CODE_SIGN_IDENTITY = "iPhone Developer";
				COPY_PHASE_STRIP = NO;
				DEBUG_INFORMATION_FORMAT = dwarf;
				ENABLE_STRICT_OBJC_MSGSEND = YES;
				ENABLE_TESTABILITY = YES;
				GCC_C_LANGUAGE_STANDARD = gnu11;
				GCC_DYNAMIC_NO_PIC = NO;
				GCC_NO_COMMON_BLOCKS = YES;
				GCC_OPTIMIZATION_LEVEL = 0;
				GCC_PREPROCESSOR_DEFINITIONS = (
					"DEBUG=1",
					"$(inherited)",
				);
				GCC_WARN_64_TO_32_BIT_CONVERSION = YES;
				GCC_WARN_ABOUT_RETURN_TYPE = YES_ERROR;
				GCC_WARN_UNDECLARED_SELECTOR = YES;
				GCC_WARN_UNINITIALIZED_AUTOS = YES_AGGRESSIVE;
				GCC_WARN_UNUSED_FUNCTION = YES;
				GCC_WARN_UNUSED_VARIABLE = YES;
				IPHONEOS_DEPLOYMENT_TARGET = 12.1;
				MTL_ENABLE_DEBUG_INFO = INCLUDE_SOURCE;
				MTL_FAST_MATH = YES;
				ONLY_ACTIVE_ARCH = YES;
				SDKROOT = iphoneos;
				SWIFT_ACTIVE_COMPILATION_CONDITIONS = DEBUG;
				SWIFT_OPTIMIZATION_LEVEL = "-Onone";
			};
			name = Debug;
		};
		D0B50564220F328000112478 /* Release */ = {
			isa = XCBuildConfiguration;
			buildSettings = {
				ALWAYS_SEARCH_USER_PATHS = NO;
				CLANG_ANALYZER_NONNULL = YES;
				CLANG_ANALYZER_NUMBER_OBJECT_CONVERSION = YES_AGGRESSIVE;
				CLANG_CXX_LANGUAGE_STANDARD = "gnu++14";
				CLANG_CXX_LIBRARY = "libc++";
				CLANG_ENABLE_MODULES = YES;
				CLANG_ENABLE_OBJC_ARC = YES;
				CLANG_ENABLE_OBJC_WEAK = YES;
				CLANG_WARN_BLOCK_CAPTURE_AUTORELEASING = YES;
				CLANG_WARN_BOOL_CONVERSION = YES;
				CLANG_WARN_COMMA = YES;
				CLANG_WARN_CONSTANT_CONVERSION = YES;
				CLANG_WARN_DEPRECATED_OBJC_IMPLEMENTATIONS = YES;
				CLANG_WARN_DIRECT_OBJC_ISA_USAGE = YES_ERROR;
				CLANG_WARN_DOCUMENTATION_COMMENTS = YES;
				CLANG_WARN_EMPTY_BODY = YES;
				CLANG_WARN_ENUM_CONVERSION = YES;
				CLANG_WARN_INFINITE_RECURSION = YES;
				CLANG_WARN_INT_CONVERSION = YES;
				CLANG_WARN_NON_LITERAL_NULL_CONVERSION = YES;
				CLANG_WARN_OBJC_IMPLICIT_RETAIN_SELF = YES;
				CLANG_WARN_OBJC_LITERAL_CONVERSION = YES;
				CLANG_WARN_OBJC_ROOT_CLASS = YES_ERROR;
				CLANG_WARN_RANGE_LOOP_ANALYSIS = YES;
				CLANG_WARN_STRICT_PROTOTYPES = YES;
				CLANG_WARN_SUSPICIOUS_MOVE = YES;
				CLANG_WARN_UNGUARDED_AVAILABILITY = YES_AGGRESSIVE;
				CLANG_WARN_UNREACHABLE_CODE = YES;
				CLANG_WARN__DUPLICATE_METHOD_MATCH = YES;
				CODE_SIGN_IDENTITY = "iPhone Developer";
				COPY_PHASE_STRIP = NO;
				DEBUG_INFORMATION_FORMAT = "dwarf-with-dsym";
				ENABLE_NS_ASSERTIONS = NO;
				ENABLE_STRICT_OBJC_MSGSEND = YES;
				GCC_C_LANGUAGE_STANDARD = gnu11;
				GCC_NO_COMMON_BLOCKS = YES;
				GCC_WARN_64_TO_32_BIT_CONVERSION = YES;
				GCC_WARN_ABOUT_RETURN_TYPE = YES_ERROR;
				GCC_WARN_UNDECLARED_SELECTOR = YES;
				GCC_WARN_UNINITIALIZED_AUTOS = YES_AGGRESSIVE;
				GCC_WARN_UNUSED_FUNCTION = YES;
				GCC_WARN_UNUSED_VARIABLE = YES;
				IPHONEOS_DEPLOYMENT_TARGET = 12.1;
				MTL_ENABLE_DEBUG_INFO = NO;
				MTL_FAST_MATH = YES;
				SDKROOT = iphoneos;
				SWIFT_COMPILATION_MODE = wholemodule;
				SWIFT_OPTIMIZATION_LEVEL = "-O";
				VALIDATE_PRODUCT = YES;
			};
			name = Release;
		};
		D0B50566220F328000112478 /* Debug */ = {
			isa = XCBuildConfiguration;
			buildSettings = {
				ASSETCATALOG_COMPILER_APPICON_NAME = AppIcon;
				CODE_SIGN_STYLE = Automatic;
				INFOPLIST_FILE = "coder-swag/Info.plist";
				LD_RUNPATH_SEARCH_PATHS = (
					"$(inherited)",
					"@executable_path/Frameworks",
				);
				PRODUCT_BUNDLE_IDENTIFIER = "core.coder-swag";
				PRODUCT_NAME = "$(TARGET_NAME)";
				SWIFT_VERSION = 4.2;
				TARGETED_DEVICE_FAMILY = "1,2";
			};
			name = Debug;
		};
		D0B50567220F328000112478 /* Release */ = {
			isa = XCBuildConfiguration;
			buildSettings = {
				ASSETCATALOG_COMPILER_APPICON_NAME = AppIcon;
				CODE_SIGN_STYLE = Automatic;
				INFOPLIST_FILE = "coder-swag/Info.plist";
				LD_RUNPATH_SEARCH_PATHS = (
					"$(inherited)",
					"@executable_path/Frameworks",
				);
				PRODUCT_BUNDLE_IDENTIFIER = "core.coder-swag";
				PRODUCT_NAME = "$(TARGET_NAME)";
				SWIFT_VERSION = 4.2;
				TARGETED_DEVICE_FAMILY = "1,2";
			};
			name = Release;
		};
		D0B50569220F328000112478 /* Debug */ = {
			isa = XCBuildConfiguration;
			buildSettings = {
				ALWAYS_EMBED_SWIFT_STANDARD_LIBRARIES = YES;
				BUNDLE_LOADER = "$(TEST_HOST)";
				CODE_SIGN_STYLE = Automatic;
				INFOPLIST_FILE = "coder-swagTests/Info.plist";
				LD_RUNPATH_SEARCH_PATHS = (
					"$(inherited)",
					"@executable_path/Frameworks",
					"@loader_path/Frameworks",
				);
				PRODUCT_BUNDLE_IDENTIFIER = "core.coder-swagTests";
				PRODUCT_NAME = "$(TARGET_NAME)";
				SWIFT_VERSION = 4.2;
				TARGETED_DEVICE_FAMILY = "1,2";
				TEST_HOST = "$(BUILT_PRODUCTS_DIR)/coder-swag.app/coder-swag";
			};
			name = Debug;
		};
		D0B5056A220F328000112478 /* Release */ = {
			isa = XCBuildConfiguration;
			buildSettings = {
				ALWAYS_EMBED_SWIFT_STANDARD_LIBRARIES = YES;
				BUNDLE_LOADER = "$(TEST_HOST)";
				CODE_SIGN_STYLE = Automatic;
				INFOPLIST_FILE = "coder-swagTests/Info.plist";
				LD_RUNPATH_SEARCH_PATHS = (
					"$(inherited)",
					"@executable_path/Frameworks",
					"@loader_path/Frameworks",
				);
				PRODUCT_BUNDLE_IDENTIFIER = "core.coder-swagTests";
				PRODUCT_NAME = "$(TARGET_NAME)";
				SWIFT_VERSION = 4.2;
				TARGETED_DEVICE_FAMILY = "1,2";
				TEST_HOST = "$(BUILT_PRODUCTS_DIR)/coder-swag.app/coder-swag";
			};
			name = Release;
		};
		D0B5056C220F328000112478 /* Debug */ = {
			isa = XCBuildConfiguration;
			buildSettings = {
				ALWAYS_EMBED_SWIFT_STANDARD_LIBRARIES = YES;
				CODE_SIGN_STYLE = Automatic;
				INFOPLIST_FILE = "coder-swagUITests/Info.plist";
				LD_RUNPATH_SEARCH_PATHS = (
					"$(inherited)",
					"@executable_path/Frameworks",
					"@loader_path/Frameworks",
				);
				PRODUCT_BUNDLE_IDENTIFIER = "core.coder-swagUITests";
				PRODUCT_NAME = "$(TARGET_NAME)";
				SWIFT_VERSION = 4.2;
				TARGETED_DEVICE_FAMILY = "1,2";
				TEST_TARGET_NAME = "coder-swag";
			};
			name = Debug;
		};
		D0B5056D220F328000112478 /* Release */ = {
			isa = XCBuildConfiguration;
			buildSettings = {
				ALWAYS_EMBED_SWIFT_STANDARD_LIBRARIES = YES;
				CODE_SIGN_STYLE = Automatic;
				INFOPLIST_FILE = "coder-swagUITests/Info.plist";
				LD_RUNPATH_SEARCH_PATHS = (
					"$(inherited)",
					"@executable_path/Frameworks",
					"@loader_path/Frameworks",
				);
				PRODUCT_BUNDLE_IDENTIFIER = "core.coder-swagUITests";
				PRODUCT_NAME = "$(TARGET_NAME)";
				SWIFT_VERSION = 4.2;
				TARGETED_DEVICE_FAMILY = "1,2";
				TEST_TARGET_NAME = "coder-swag";
			};
			name = Release;
		};
/* End XCBuildConfiguration section */

/* Begin XCConfigurationList section */
		D0B50538220F327E00112478 /* Build configuration list for PBXProject "coder-swag" */ = {
			isa = XCConfigurationList;
			buildConfigurations = (
				D0B50563220F328000112478 /* Debug */,
				D0B50564220F328000112478 /* Release */,
			);
			defaultConfigurationIsVisible = 0;
			defaultConfigurationName = Release;
		};
		D0B50565220F328000112478 /* Build configuration list for PBXNativeTarget "coder-swag" */ = {
			isa = XCConfigurationList;
			buildConfigurations = (
				D0B50566220F328000112478 /* Debug */,
				D0B50567220F328000112478 /* Release */,
			);
			defaultConfigurationIsVisible = 0;
			defaultConfigurationName = Release;
		};
		D0B50568220F328000112478 /* Build configuration list for PBXNativeTarget "coder-swagTests" */ = {
			isa = XCConfigurationList;
			buildConfigurations = (
				D0B50569220F328000112478 /* Debug */,
				D0B5056A220F328000112478 /* Release */,
			);
			defaultConfigurationIsVisible = 0;
			defaultConfigurationName = Release;
		};
		D0B5056B220F328000112478 /* Build configuration list for PBXNativeTarget "coder-swagUITests" */ = {
			isa = XCConfigurationList;
			buildConfigurations = (
				D0B5056C220F328000112478 /* Debug */,
				D0B5056D220F328000112478 /* Release */,
			);
			defaultConfigurationIsVisible = 0;
			defaultConfigurationName = Release;
		};
/* End XCConfigurationList section */
	};
	rootObject = D0B50535220F327E00112478 /* Project object */;
}
